
Microsoft Visual Studio Solution File, Format Version 12.00
# Visual Studio 15
VisualStudioVersion = 15.0.28010.2019
MinimumVisualStudioVersion = 10.0.40219.1
Project("{8BC9CEB8-8B4A-11D0-8D11-00A0C91BC942}") = "Row-Major-Matrix", "Row-Column-Matrix\Row-Column-Matrix.vcxproj", "{3161A27B-25B8-4A5B-A094-DC7963048106}"
EndProject
Project("{8BC9CEB8-8B4A-11D0-8D11-00A0C91BC942}") = "GaussJordan", "GaussJordan\GaussJordan.vcxproj", "{63AE9875-22E5-45C7-BEA1-B7A42C95E061}"
EndProject
Project("{8BC9CEB8-8B4A-11D0-8D11-00A0C91BC942}") = "MatrixLib", "MatrixLib\MatrixLib.vcxproj", "{1E0B9C0B-280A-4D21-99B0-D19EF9512011}"
EndProject
Global
	GlobalSection(SolutionConfigurationPlatforms) = preSolution
		Debug|x64 = Debug|x64
		Debug|x86 = Debug|x86
		Release|x64 = Release|x64
		Release|x86 = Release|x86
	EndGlobalSection
	GlobalSection(ProjectConfigurationPlatforms) = postSolution
		{3161A27B-25B8-4A5B-A094-DC7963048106}.Debug|x64.ActiveCfg = Debug|x64
		{3161A27B-25B8-4A5B-A094-DC7963048106}.Debug|x64.Build.0 = Debug|x64
		{3161A27B-25B8-4A5B-A094-DC7963048106}.Debug|x86.ActiveCfg = Debug|Win32
		{3161A27B-25B8-4A5B-A094-DC7963048106}.Debug|x86.Build.0 = Debug|Win32
		{3161A27B-25B8-4A5B-A094-DC7963048106}.Release|x64.ActiveCfg = Release|x64
		{3161A27B-25B8-4A5B-A094-DC7963048106}.Release|x64.Build.0 = Release|x64
		{3161A27B-25B8-4A5B-A094-DC7963048106}.Release|x86.ActiveCfg = Release|Win32
		{3161A27B-25B8-4A5B-A094-DC7963048106}.Release|x86.Build.0 = Release|Win32
		{63AE9875-22E5-45C7-BEA1-B7A42C95E061}.Debug|x64.ActiveCfg = Debug|x64
		{63AE9875-22E5-45C7-BEA1-B7A42C95E061}.Debug|x64.Build.0 = Debug|x64
		{63AE9875-22E5-45C7-BEA1-B7A42C95E061}.Debug|x86.ActiveCfg = Debug|Win32
		{63AE9875-22E5-45C7-BEA1-B7A42C95E061}.Debug|x86.Build.0 = Debug|Win32
		{63AE9875-22E5-45C7-BEA1-B7A42C95E061}.Release|x64.ActiveCfg = Release|x64
		{63AE9875-22E5-45C7-BEA1-B7A42C95E061}.Release|x64.Build.0 = Release|x64
		{63AE9875-22E5-45C7-BEA1-B7A42C95E061}.Release|x86.ActiveCfg = Release|Win32
		{63AE9875-22E5-45C7-BEA1-B7A42C95E061}.Release|x86.Build.0 = Release|Win32
		{1E0B9C0B-280A-4D21-99B0-D19EF9512011}.Debug|x64.ActiveCfg = Debug|x64
		{1E0B9C0B-280A-4D21-99B0-D19EF9512011}.Debug|x64.Build.0 = Debug|x64
		{1E0B9C0B-280A-4D21-99B0-D19EF9512011}.Debug|x86.ActiveCfg = Debug|Win32
		{1E0B9C0B-280A-4D21-99B0-D19EF9512011}.Debug|x86.Build.0 = Debug|Win32
		{1E0B9C0B-280A-4D21-99B0-D19EF9512011}.Release|x64.ActiveCfg = Release|x64
		{1E0B9C0B-280A-4D21-99B0-D19EF9512011}.Release|x64.Build.0 = Release|x64
		{1E0B9C0B-280A-4D21-99B0-D19EF9512011}.Release|x86.ActiveCfg = Release|Win32
		{1E0B9C0B-280A-4D21-99B0-D19EF9512011}.Release|x86.Build.0 = Release|Win32
	EndGlobalSection
	GlobalSection(SolutionProperties) = preSolution
		HideSolutionNode = FALSE
	EndGlobalSection
	GlobalSection(ExtensibilityGlobals) = postSolution
		SolutionGuid = {9AECC8E9-2468-41C9-85E2-CBD1A8696923}
	EndGlobalSection
EndGlobal
